
Microsoft Visual Studio Solution File, Format Version 12.00
# Visual Studio 15
VisualStudioVersion = 15.0.28307.902
MinimumVisualStudioVersion = 10.0.40219.1
Project("{FAE04EC0-301F-11D3-BF4B-00C04F79EFBC}") = "GeofencingApplicationPrototype", "GeofencingApplicationPrototype\GeofencingApplicationPrototype.csproj", "{C5937D33-F397-4571-BB05-3B34F0EB0CFC}"
EndProject
Project("{FAE04EC0-301F-11D3-BF4B-00C04F79EFBC}") = "GeofencingApplicationPrototype.Tests", "GeofencingApplicationPrototype.Tests\GeofencingApplicationPrototype.Tests.csproj", "{BAACC342-EEF5-47E2-A54D-17DEC1907C25}"
EndProject
Global
	GlobalSection(SolutionConfigurationPlatforms) = preSolution
		Debug|Any CPU = Debug|Any CPU
		Release|Any CPU = Release|Any CPU
	EndGlobalSection
	GlobalSection(ProjectConfigurationPlatforms) = postSolution
		{C5937D33-F397-4571-BB05-3B34F0EB0CFC}.Debug|Any CPU.ActiveCfg = Debug|Any CPU
		{C5937D33-F397-4571-BB05-3B34F0EB0CFC}.Debug|Any CPU.Build.0 = Debug|Any CPU
		{C5937D33-F397-4571-BB05-3B34F0EB0CFC}.Release|Any CPU.ActiveCfg = Release|Any CPU
		{C5937D33-F397-4571-BB05-3B34F0EB0CFC}.Release|Any CPU.Build.0 = Release|Any CPU
		{BAACC342-EEF5-47E2-A54D-17DEC1907C25}.Debug|Any CPU.ActiveCfg = Debug|Any CPU
		{BAACC342-EEF5-47E2-A54D-17DEC1907C25}.Debug|Any CPU.Build.0 = Debug|Any CPU
		{BAACC342-EEF5-47E2-A54D-17DEC1907C25}.Release|Any CPU.ActiveCfg = Release|Any CPU
		{BAACC342-EEF5-47E2-A54D-17DEC1907C25}.Release|Any CPU.Build.0 = Release|Any CPU
	EndGlobalSection
	GlobalSection(SolutionProperties) = preSolution
		HideSolutionNode = FALSE
	EndGlobalSection
	GlobalSection(ExtensibilityGlobals) = postSolution
		SolutionGuid = {DD6DC6CC-9878-41A3-8DAF-65B07BC47637}
	EndGlobalSection
EndGlobal
